{
  "pins" : [
    {
      "identity" : "collections",
      "kind" : "remoteSourceControl",
      "location" : "https://github.com/fang-ling/collections",
      "state" : {
        "revision" : "ccc560cdedb6dfa7776a28bec345d71379d592df",
        "version" : "0.0.6"
      }
    }
  ],
  "version" : 2
}
