{
  "pins" : [
    {
      "identity" : "collections",
      "kind" : "remoteSourceControl",
      "location" : "https://github.com/fang-ling/collections",
      "state" : {
        "revision" : "e7a6b23e2a70bfb16b31d05217c86f78584a7fcd",
        "version" : "0.0.7"
      }
    }
  ],
  "version" : 2
}
